
Microsoft Visual Studio Solution File, Format Version 12.00
# Visual Studio Version 16
VisualStudioVersion = 16.0.31321.278
MinimumVisualStudioVersion = 10.0.40219.1
Project("{FAE04EC0-301F-11D3-BF4B-00C04F79EFBC}") = "ServiTec.Web", "ServiTec.Web\ServiTec.Web.csproj", "{EFEBD828-69A3-44A1-900E-4A5FAFE5CE64}"
EndProject
Global
	GlobalSection(SolutionConfigurationPlatforms) = preSolution
		Debug|Any CPU = Debug|Any CPU
		Release|Any CPU = Release|Any CPU
	EndGlobalSection
	GlobalSection(ProjectConfigurationPlatforms) = postSolution
		{EFEBD828-69A3-44A1-900E-4A5FAFE5CE64}.Debug|Any CPU.ActiveCfg = Debug|Any CPU
		{EFEBD828-69A3-44A1-900E-4A5FAFE5CE64}.Debug|Any CPU.Build.0 = Debug|Any CPU
		{EFEBD828-69A3-44A1-900E-4A5FAFE5CE64}.Release|Any CPU.ActiveCfg = Release|Any CPU
		{EFEBD828-69A3-44A1-900E-4A5FAFE5CE64}.Release|Any CPU.Build.0 = Release|Any CPU
	EndGlobalSection
	GlobalSection(SolutionProperties) = preSolution
		HideSolutionNode = FALSE
	EndGlobalSection
	GlobalSection(ExtensibilityGlobals) = postSolution
		SolutionGuid = {119065EE-85D0-4101-9075-5F1FA4921435}
	EndGlobalSection
EndGlobal
